<?xml version="1.0" encoding="utf-8"?>
<Project ToolsVersion="4.0" xmlns="http://schemas.microsoft.com/developer/msbuild/2003">
  <ItemGroup>
    <ClCompile Include="dllmain.cpp">
      <Filter>Source Files</Filter>
    </ClCompile>
    <ClCompile Include="stdafx.cpp">
      <Filter>Source Files</Filter>
    </ClCompile>
    <ClCompile Include="PatchCursorStealFix.cpp">
      <Filter>Source Files\Patches</Filter>
    </ClCompile>
    <ClCompile Include="PatchAttachmentCrash.cpp">
      <Filter>Source Files\Patches</Filter>
    </ClCompile>
  </ItemGroup>
  <ItemGroup>
    <ClInclude Include="stdafx.h">
      <Filter>Header Files</Filter>
    </ClInclude>
    <ClInclude Include="targetver.h">
      <Filter>Header Files</Filter>
    </ClInclude>
    <ClInclude Include="PatchCursorStealFix.h">
      <Filter>Header Files\Patches</Filter>
    </ClInclude>
    <ClInclude Include="PatchAttachmentCrash.h">
      <Filter>Header Files\Patches</Filter>
    </ClInclude>
  </ItemGroup>
  <ItemGroup>
    <Filter Include="Header Files">
      <UniqueIdentifier>{6aa16609-af31-4780-846e-d085b1f29d91}</UniqueIdentifier>
    </Filter>
    <Filter Include="Source Files">
      <UniqueIdentifier>{48b923fc-82a1-490a-825e-4ad9e4285b20}</UniqueIdentifier>
    </Filter>
    <Filter Include="Header Files\Patches">
      <UniqueIdentifier>{9c1039fa-9738-446a-b65a-0b85d8866d05}</UniqueIdentifier>
    </Filter>
    <Filter Include="Source Files\Patches">
      <UniqueIdentifier>{c2e97cb5-372e-4880-870e-2e0a57371828}</UniqueIdentifier>
    </Filter>
  </ItemGroup>
</Project>